
Microsoft Visual Studio Solution File, Format Version 12.00
# Visual Studio Version 17
VisualStudioVersion = 17.9.34607.119
MinimumVisualStudioVersion = 10.0.40219.1
Project("{FAE04EC0-301F-11D3-BF4B-00C04F79EFBC}") = "Ice_And_Fire", "Ice_And_Fire.csproj", "{FEDCCA0C-3866-4BB9-967B-1FDA1B6AA467}"
EndProject
Global
	GlobalSection(SolutionConfigurationPlatforms) = preSolution
		Debug|Any CPU = Debug|Any CPU
		Release|Any CPU = Release|Any CPU
	EndGlobalSection
	GlobalSection(ProjectConfigurationPlatforms) = postSolution
		{FEDCCA0C-3866-4BB9-967B-1FDA1B6AA467}.Debug|Any CPU.ActiveCfg = Debug|Any CPU
		{FEDCCA0C-3866-4BB9-967B-1FDA1B6AA467}.Debug|Any CPU.Build.0 = Debug|Any CPU
		{FEDCCA0C-3866-4BB9-967B-1FDA1B6AA467}.Release|Any CPU.ActiveCfg = Release|Any CPU
		{FEDCCA0C-3866-4BB9-967B-1FDA1B6AA467}.Release|Any CPU.Build.0 = Release|Any CPU
	EndGlobalSection
	GlobalSection(SolutionProperties) = preSolution
		HideSolutionNode = FALSE
	EndGlobalSection
	GlobalSection(ExtensibilityGlobals) = postSolution
		SolutionGuid = {B547BC41-F33B-4B47-B0C8-D7E4B6E434BB}
	EndGlobalSection
EndGlobal
